version = 1
requires-python = ">=3.12"

[[package]]
name = "asgiref"
version = "3.8.1"
source = { registry = "https://pypi.org/simple" }
sdist = { url = "https://files.pythonhosted.org/packages/29/38/b3395cc9ad1b56d2ddac9970bc8f4141312dbaec28bc7c218b0dfafd0f42/asgiref-3.8.1.tar.gz", hash = "sha256:c343bd80a0bec947a9860adb4c432ffa7db769836c64238fc34bdc3fec84d590", size = 35186 }
wheels = [
    { url = "https://files.pythonhosted.org/packages/39/e3/893e8757be2612e6c266d9bb58ad2e3651524b5b40cf56761e985a28b13e/asgiref-3.8.1-py3-none-any.whl", hash = "sha256:3e1e3ecc849832fe52ccf2cb6686b7a55f82bb1d6aee72a58826471390335e47", size = 23828 },
]

[[package]]
name = "black"
version = "24.8.0"
source = { registry = "https://pypi.org/simple" }
dependencies = [
    { name = "click" },
    { name = "mypy-extensions" },
    { name = "packaging" },
    { name = "pathspec" },
    { name = "platformdirs" },
]
sdist = { url = "https://files.pythonhosted.org/packages/04/b0/46fb0d4e00372f4a86a6f8efa3cb193c9f64863615e39010b1477e010578/black-24.8.0.tar.gz", hash = "sha256:2500945420b6784c38b9ee885af039f5e7471ef284ab03fa35ecdde4688cd83f", size = 644810 }
wheels = [
    { url = "https://files.pythonhosted.org/packages/a2/a8/05fb14195cfef32b7c8d4585a44b7499c2a4b205e1662c427b941ed87054/black-24.8.0-cp312-cp312-macosx_10_9_x86_64.whl", hash = "sha256:7c046c1d1eeb7aea9335da62472481d3bbf3fd986e093cffd35f4385c94ae368", size = 1646132 },
    { url = "https://files.pythonhosted.org/packages/41/77/8d9ce42673e5cb9988f6df73c1c5c1d4e9e788053cccd7f5fb14ef100982/black-24.8.0-cp312-cp312-macosx_11_0_arm64.whl", hash = "sha256:649f6d84ccbae73ab767e206772cc2d7a393a001070a4c814a546afd0d423aed", size = 1448665 },
    { url = "https://files.pythonhosted.org/packages/cc/94/eff1ddad2ce1d3cc26c162b3693043c6b6b575f538f602f26fe846dfdc75/black-24.8.0-cp312-cp312-manylinux_2_17_x86_64.manylinux2014_x86_64.manylinux_2_28_x86_64.whl", hash = "sha256:2b59b250fdba5f9a9cd9d0ece6e6d993d91ce877d121d161e4698af3eb9c1018", size = 1762458 },
    { url = "https://files.pythonhosted.org/packages/28/ea/18b8d86a9ca19a6942e4e16759b2fa5fc02bbc0eb33c1b866fcd387640ab/black-24.8.0-cp312-cp312-win_amd64.whl", hash = "sha256:6e55d30d44bed36593c3163b9bc63bf58b3b30e4611e4d88a0c3c239930ed5b2", size = 1436109 },
    { url = "https://files.pythonhosted.org/packages/27/1e/83fa8a787180e1632c3d831f7e58994d7aaf23a0961320d21e84f922f919/black-24.8.0-py3-none-any.whl", hash = "sha256:972085c618ee94f402da1af548a4f218c754ea7e5dc70acb168bfaca4c2542ed", size = 206504 },
]

[[package]]
name = "click"
version = "8.1.7"
source = { registry = "https://pypi.org/simple" }
dependencies = [
    { name = "colorama", marker = "platform_system == 'Windows'" },
]
sdist = { url = "https://files.pythonhosted.org/packages/96/d3/f04c7bfcf5c1862a2a5b845c6b2b360488cf47af55dfa79c98f6a6bf98b5/click-8.1.7.tar.gz", hash = "sha256:ca9853ad459e787e2192211578cc907e7594e294c7ccc834310722b41b9ca6de", size = 336121 }
wheels = [
    { url = "https://files.pythonhosted.org/packages/00/2e/d53fa4befbf2cfa713304affc7ca780ce4fc1fd8710527771b58311a3229/click-8.1.7-py3-none-any.whl", hash = "sha256:ae74fb96c20a0277a1d615f1e4d73c8414f5a98db8b799a7931d1582f3390c28", size = 97941 },
]

[[package]]
name = "colorama"
version = "0.4.6"
source = { registry = "https://pypi.org/simple" }
sdist = { url = "https://files.pythonhosted.org/packages/d8/53/6f443c9a4a8358a93a6792e2acffb9d9d5cb0a5cfd8802644b7b1c9a02e4/colorama-0.4.6.tar.gz", hash = "sha256:08695f5cb7ed6e0531a20572697297273c47b8cae5a63ffc6d6ed5c201be6e44", size = 27697 }
wheels = [
    { url = "https://files.pythonhosted.org/packages/d1/d6/3965ed04c63042e047cb6a3e6ed1a63a35087b6a609aa3a15ed8ac56c221/colorama-0.4.6-py2.py3-none-any.whl", hash = "sha256:4f1d9991f5acc0ca119f9d443620b77f9d6b33703e51011c16baf57afb285fc6", size = 25335 },
]

[[package]]
name = "django"
version = "5.1.1"
source = { registry = "https://pypi.org/simple" }
dependencies = [
    { name = "asgiref" },
    { name = "sqlparse" },
    { name = "tzdata", marker = "sys_platform == 'win32'" },
]
sdist = { url = "https://files.pythonhosted.org/packages/88/6f/8f57ed6dc88656edd4fcb35c50dd963f3cd79303bd711fb0160fc7fd6ab7/Django-5.1.1.tar.gz", hash = "sha256:021ffb7fdab3d2d388bc8c7c2434eb9c1f6f4d09e6119010bbb1694dda286bc2", size = 10675933 }
wheels = [
    { url = "https://files.pythonhosted.org/packages/ba/aa/b423e37e9ba5480d3fd1d187e3fdbd09f9f71b991468881a45413522ccd3/Django-5.1.1-py3-none-any.whl", hash = "sha256:71603f27dac22a6533fb38d83072eea9ddb4017fead6f67f2562a40402d61c3f", size = 8246418 },
]

[[package]]
name = "django-environ"
version = "0.11.2"
source = { registry = "https://pypi.org/simple" }
sdist = { url = "https://files.pythonhosted.org/packages/d6/0b/f2c024529ee4bbf8b95176eebeb86c6e695192a9ce0e91059cb83a33c1d3/django-environ-0.11.2.tar.gz", hash = "sha256:f32a87aa0899894c27d4e1776fa6b477e8164ed7f6b3e410a62a6d72caaf64be", size = 54326 }
wheels = [
    { url = "https://files.pythonhosted.org/packages/c4/f1/468b49cccba3b42dda571063a14c668bb0b53a1d5712426d18e36663bd53/django_environ-0.11.2-py2.py3-none-any.whl", hash = "sha256:0ff95ab4344bfeff693836aa978e6840abef2e2f1145adff7735892711590c05", size = 19141 },
]

[[package]]
name = "gunicorn"
version = "23.0.0"
source = { registry = "https://pypi.org/simple" }
dependencies = [
    { name = "packaging" },
]
sdist = { url = "https://files.pythonhosted.org/packages/34/72/9614c465dc206155d93eff0ca20d42e1e35afc533971379482de953521a4/gunicorn-23.0.0.tar.gz", hash = "sha256:f014447a0101dc57e294f6c18ca6b40227a4c90e9bdb586042628030cba004ec", size = 375031 }
wheels = [
    { url = "https://files.pythonhosted.org/packages/cb/7d/6dac2a6e1eba33ee43f318edbed4ff29151a49b5d37f080aad1e6469bca4/gunicorn-23.0.0-py3-none-any.whl", hash = "sha256:ec400d38950de4dfd418cff8328b2c8faed0edb0d517d3394e457c317908ca4d", size = 85029 },
]

[[package]]
name = "isort"
version = "5.13.2"
source = { registry = "https://pypi.org/simple" }
sdist = { url = "https://files.pythonhosted.org/packages/87/f9/c1eb8635a24e87ade2efce21e3ce8cd6b8630bb685ddc9cdaca1349b2eb5/isort-5.13.2.tar.gz", hash = "sha256:48fdfcb9face5d58a4f6dde2e72a1fb8dcaf8ab26f95ab49fab84c2ddefb0109", size = 175303 }
wheels = [
    { url = "https://files.pythonhosted.org/packages/d1/b3/8def84f539e7d2289a02f0524b944b15d7c75dab7628bedf1c4f0992029c/isort-5.13.2-py3-none-any.whl", hash = "sha256:8ca5e72a8d85860d5a3fa69b8745237f2939afe12dbf656afbcb47fe72d947a6", size = 92310 },
]

[[package]]
name = "minilib"
version = "0.1.0"
source = { virtual = "." }
dependencies = [
    { name = "django" },
    { name = "django-environ" },
    { name = "gunicorn" },
]

[package.dev-dependencies]
dev = [
    { name = "black" },
    { name = "isort" },
]

[package.metadata]
requires-dist = [
    { name = "django", specifier = "==5.1.1" },
    { name = "django-environ", specifier = "==0.11.2" },
    { name = "gunicorn", specifier = "==23.0.0" },
]

[package.metadata.requires-dev]
dev = [
    { name = "black", specifier = ">=24.8.0" },
    { name = "isort", specifier = ">=5.13.2" },
]

[[package]]
name = "mypy-extensions"
version = "1.0.0"
source = { registry = "https://pypi.org/simple" }
sdist = { url = "https://files.pythonhosted.org/packages/98/a4/1ab47638b92648243faf97a5aeb6ea83059cc3624972ab6b8d2316078d3f/mypy_extensions-1.0.0.tar.gz", hash = "sha256:75dbf8955dc00442a438fc4d0666508a9a97b6bd41aa2f0ffe9d2f2725af0782", size = 4433 }
wheels = [
    { url = "https://files.pythonhosted.org/packages/2a/e2/5d3f6ada4297caebe1a2add3b126fe800c96f56dbe5d1988a2cbe0b267aa/mypy_extensions-1.0.0-py3-none-any.whl", hash = "sha256:4392f6c0eb8a5668a69e23d168ffa70f0be9ccfd32b5cc2d26a34ae5b844552d", size = 4695 },
]

[[package]]
name = "packaging"
version = "24.1"
source = { registry = "https://pypi.org/simple" }
sdist = { url = "https://files.pythonhosted.org/packages/51/65/50db4dda066951078f0a96cf12f4b9ada6e4b811516bf0262c0f4f7064d4/packaging-24.1.tar.gz", hash = "sha256:026ed72c8ed3fcce5bf8950572258698927fd1dbda10a5e981cdf0ac37f4f002", size = 148788 }
wheels = [
    { url = "https://files.pythonhosted.org/packages/08/aa/cc0199a5f0ad350994d660967a8efb233fe0416e4639146c089643407ce6/packaging-24.1-py3-none-any.whl", hash = "sha256:5b8f2217dbdbd2f7f384c41c628544e6d52f2d0f53c6d0c3ea61aa5d1d7ff124", size = 53985 },
]

[[package]]
name = "pathspec"
version = "0.12.1"
source = { registry = "https://pypi.org/simple" }
sdist = { url = "https://files.pythonhosted.org/packages/ca/bc/f35b8446f4531a7cb215605d100cd88b7ac6f44ab3fc94870c120ab3adbf/pathspec-0.12.1.tar.gz", hash = "sha256:a482d51503a1ab33b1c67a6c3813a26953dbdc71c31dacaef9a838c4e29f5712", size = 51043 }
wheels = [
    { url = "https://files.pythonhosted.org/packages/cc/20/ff623b09d963f88bfde16306a54e12ee5ea43e9b597108672ff3a408aad6/pathspec-0.12.1-py3-none-any.whl", hash = "sha256:a0d503e138a4c123b27490a4f7beda6a01c6f288df0e4a8b79c7eb0dc7b4cc08", size = 31191 },
]

[[package]]
name = "platformdirs"
version = "4.3.2"
source = { registry = "https://pypi.org/simple" }
sdist = { url = "https://files.pythonhosted.org/packages/75/a0/d7cab8409cdc7d39b037c85ac46d92434fb6595432e069251b38e5c8dd0e/platformdirs-4.3.2.tar.gz", hash = "sha256:9e5e27a08aa095dd127b9f2e764d74254f482fef22b0970773bfba79d091ab8c", size = 21276 }
wheels = [
    { url = "https://files.pythonhosted.org/packages/da/8b/d497999c4017b80678017ddce745cf675489c110681ad3c84a55eddfd3e7/platformdirs-4.3.2-py3-none-any.whl", hash = "sha256:eb1c8582560b34ed4ba105009a4badf7f6f85768b30126f351328507b2beb617", size = 18417 },
]

[[package]]
name = "sqlparse"
version = "0.5.1"
source = { registry = "https://pypi.org/simple" }
sdist = { url = "https://files.pythonhosted.org/packages/73/82/dfa23ec2cbed08a801deab02fe7c904bfb00765256b155941d789a338c68/sqlparse-0.5.1.tar.gz", hash = "sha256:bb6b4df465655ef332548e24f08e205afc81b9ab86cb1c45657a7ff173a3a00e", size = 84502 }
wheels = [
    { url = "https://files.pythonhosted.org/packages/5d/a5/b2860373aa8de1e626b2bdfdd6df4355f0565b47e51f7d0c54fe70faf8fe/sqlparse-0.5.1-py3-none-any.whl", hash = "sha256:773dcbf9a5ab44a090f3441e2180efe2560220203dc2f8c0b0fa141e18b505e4", size = 44156 },
]

[[package]]
name = "tzdata"
version = "2024.1"
source = { registry = "https://pypi.org/simple" }
sdist = { url = "https://files.pythonhosted.org/packages/74/5b/e025d02cb3b66b7b76093404392d4b44343c69101cc85f4d180dd5784717/tzdata-2024.1.tar.gz", hash = "sha256:2674120f8d891909751c38abcdfd386ac0a5a1127954fbc332af6b5ceae07efd", size = 190559 }
wheels = [
    { url = "https://files.pythonhosted.org/packages/65/58/f9c9e6be752e9fcb8b6a0ee9fb87e6e7a1f6bcab2cdc73f02bb7ba91ada0/tzdata-2024.1-py2.py3-none-any.whl", hash = "sha256:9068bc196136463f5245e51efda838afa15aaeca9903f49050dfa2679db4d252", size = 345370 },
]
